
Microsoft Visual Studio Solution File, Format Version 12.00
# Visual Studio Version 17
VisualStudioVersion = 17.14.36915.13
MinimumVisualStudioVersion = 10.0.40219.1
Project("{FAE04EC0-301F-11D3-BF4B-00C04F79EFBC}") = "EchoCast", "EchoCast\EchoCast.csproj", "{7480BD03-5454-445C-B78A-A8E077C19985}"
EndProject
Project("{FAE04EC0-301F-11D3-BF4B-00C04F79EFBC}") = "EchoCast.Domain", "EchoCast.Domain\EchoCast.Domain.csproj", "{53ACE6D6-FE65-4166-8E4D-EDA9A6684849}"
EndProject
Project("{FAE04EC0-301F-11D3-BF4B-00C04F79EFBC}") = "EchoCast.Infrastructure", "EchoCast.Infrastructure\EchoCast.Infrastructure.csproj", "{B662AE82-6BF1-48EB-B910-F2BD8CBACA56}"
EndProject
Project("{FAE04EC0-301F-11D3-BF4B-00C04F79EFBC}") = "EchoCast.Web", "EchoCast.Web\EchoCast.Web.csproj", "{4EDE6090-3DE6-456C-B0FA-B4873ABD801D}"
EndProject
Global
	GlobalSection(SolutionConfigurationPlatforms) = preSolution
		Debug|Any CPU = Debug|Any CPU
		Debug|x64 = Debug|x64
		Debug|x86 = Debug|x86
		Release|Any CPU = Release|Any CPU
		Release|x64 = Release|x64
		Release|x86 = Release|x86
	EndGlobalSection
	GlobalSection(ProjectConfigurationPlatforms) = postSolution
		{7480BD03-5454-445C-B78A-A8E077C19985}.Debug|Any CPU.ActiveCfg = Debug|Any CPU
		{7480BD03-5454-445C-B78A-A8E077C19985}.Debug|Any CPU.Build.0 = Debug|Any CPU
		{7480BD03-5454-445C-B78A-A8E077C19985}.Debug|x64.ActiveCfg = Debug|Any CPU
		{7480BD03-5454-445C-B78A-A8E077C19985}.Debug|x64.Build.0 = Debug|Any CPU
		{7480BD03-5454-445C-B78A-A8E077C19985}.Debug|x86.ActiveCfg = Debug|Any CPU
		{7480BD03-5454-445C-B78A-A8E077C19985}.Debug|x86.Build.0 = Debug|Any CPU
		{7480BD03-5454-445C-B78A-A8E077C19985}.Release|Any CPU.ActiveCfg = Release|Any CPU
		{7480BD03-5454-445C-B78A-A8E077C19985}.Release|Any CPU.Build.0 = Release|Any CPU
		{7480BD03-5454-445C-B78A-A8E077C19985}.Release|x64.ActiveCfg = Release|Any CPU
		{7480BD03-5454-445C-B78A-A8E077C19985}.Release|x64.Build.0 = Release|Any CPU
		{7480BD03-5454-445C-B78A-A8E077C19985}.Release|x86.ActiveCfg = Release|Any CPU
		{7480BD03-5454-445C-B78A-A8E077C19985}.Release|x86.Build.0 = Release|Any CPU
		{53ACE6D6-FE65-4166-8E4D-EDA9A6684849}.Debug|Any CPU.ActiveCfg = Debug|Any CPU
		{53ACE6D6-FE65-4166-8E4D-EDA9A6684849}.Debug|Any CPU.Build.0 = Debug|Any CPU
		{53ACE6D6-FE65-4166-8E4D-EDA9A6684849}.Debug|x64.ActiveCfg = Debug|Any CPU
		{53ACE6D6-FE65-4166-8E4D-EDA9A6684849}.Debug|x64.Build.0 = Debug|Any CPU
		{53ACE6D6-FE65-4166-8E4D-EDA9A6684849}.Debug|x86.ActiveCfg = Debug|Any CPU
		{53ACE6D6-FE65-4166-8E4D-EDA9A6684849}.Debug|x86.Build.0 = Debug|Any CPU
		{53ACE6D6-FE65-4166-8E4D-EDA9A6684849}.Release|Any CPU.ActiveCfg = Release|Any CPU
		{53ACE6D6-FE65-4166-8E4D-EDA9A6684849}.Release|Any CPU.Build.0 = Release|Any CPU
		{53ACE6D6-FE65-4166-8E4D-EDA9A6684849}.Release|x64.ActiveCfg = Release|Any CPU
		{53ACE6D6-FE65-4166-8E4D-EDA9A6684849}.Release|x64.Build.0 = Release|Any CPU
		{53ACE6D6-FE65-4166-8E4D-EDA9A6684849}.Release|x86.ActiveCfg = Release|Any CPU
		{53ACE6D6-FE65-4166-8E4D-EDA9A6684849}.Release|x86.Build.0 = Release|Any CPU
		{B662AE82-6BF1-48EB-B910-F2BD8CBACA56}.Debug|Any CPU.ActiveCfg = Debug|Any CPU
		{B662AE82-6BF1-48EB-B910-F2BD8CBACA56}.Debug|Any CPU.Build.0 = Debug|Any CPU
		{B662AE82-6BF1-48EB-B910-F2BD8CBACA56}.Debug|x64.ActiveCfg = Debug|Any CPU
		{B662AE82-6BF1-48EB-B910-F2BD8CBACA56}.Debug|x64.Build.0 = Debug|Any CPU
		{B662AE82-6BF1-48EB-B910-F2BD8CBACA56}.Debug|x86.ActiveCfg = Debug|Any CPU
		{B662AE82-6BF1-48EB-B910-F2BD8CBACA56}.Debug|x86.Build.0 = Debug|Any CPU
		{B662AE82-6BF1-48EB-B910-F2BD8CBACA56}.Release|Any CPU.ActiveCfg = Release|Any CPU
		{B662AE82-6BF1-48EB-B910-F2BD8CBACA56}.Release|Any CPU.Build.0 = Release|Any CPU
		{B662AE82-6BF1-48EB-B910-F2BD8CBACA56}.Release|x64.ActiveCfg = Release|Any CPU
		{B662AE82-6BF1-48EB-B910-F2BD8CBACA56}.Release|x64.Build.0 = Release|Any CPU
		{B662AE82-6BF1-48EB-B910-F2BD8CBACA56}.Release|x86.ActiveCfg = Release|Any CPU
		{B662AE82-6BF1-48EB-B910-F2BD8CBACA56}.Release|x86.Build.0 = Release|Any CPU
		{4EDE6090-3DE6-456C-B0FA-B4873ABD801D}.Debug|Any CPU.ActiveCfg = Debug|Any CPU
		{4EDE6090-3DE6-456C-B0FA-B4873ABD801D}.Debug|Any CPU.Build.0 = Debug|Any CPU
		{4EDE6090-3DE6-456C-B0FA-B4873ABD801D}.Debug|x64.ActiveCfg = Debug|Any CPU
		{4EDE6090-3DE6-456C-B0FA-B4873ABD801D}.Debug|x64.Build.0 = Debug|Any CPU
		{4EDE6090-3DE6-456C-B0FA-B4873ABD801D}.Debug|x86.ActiveCfg = Debug|Any CPU
		{4EDE6090-3DE6-456C-B0FA-B4873ABD801D}.Debug|x86.Build.0 = Debug|Any CPU
		{4EDE6090-3DE6-456C-B0FA-B4873ABD801D}.Release|Any CPU.ActiveCfg = Release|Any CPU
		{4EDE6090-3DE6-456C-B0FA-B4873ABD801D}.Release|Any CPU.Build.0 = Release|Any CPU
		{4EDE6090-3DE6-456C-B0FA-B4873ABD801D}.Release|x64.ActiveCfg = Release|Any CPU
		{4EDE6090-3DE6-456C-B0FA-B4873ABD801D}.Release|x64.Build.0 = Release|Any CPU
		{4EDE6090-3DE6-456C-B0FA-B4873ABD801D}.Release|x86.ActiveCfg = Release|Any CPU
		{4EDE6090-3DE6-456C-B0FA-B4873ABD801D}.Release|x86.Build.0 = Release|Any CPU
	EndGlobalSection
	GlobalSection(SolutionProperties) = preSolution
		HideSolutionNode = FALSE
	EndGlobalSection
	GlobalSection(ExtensibilityGlobals) = postSolution
		SolutionGuid = {13B50FEB-1380-4845-ADB0-C057B47EB374}
	EndGlobalSection
EndGlobal
